schema: '2.0'
stages:
  data_ingestion:
    cmd: python src/data_ingestion.py
    deps:
    - path: src/data_ingestion.py
      hash: md5
      md5: fc90fc00716a57cc34fdd24a1c22a6b6
      size: 1289
    outs:
    - path: src/data/raw
      hash: md5
      md5: 933867a103b0124a64de0f4cd051816c.dir
      size: 31809522
      nfiles: 2702
  prepare:
    cmd: python src/prepare.py
    deps:
    - path: src/data/raw
      hash: md5
      md5: 933867a103b0124a64de0f4cd051816c.dir
      size: 31809522
      nfiles: 2702
    - path: src/prepare.py
      hash: md5
      md5: 1c2745cb0aee0dbb01b23cf0a71c01b0
      size: 1444
    outs:
    - path: src/data/prepared/test.csv
      hash: md5
      md5: 30f4dc86c5556308b4e54ef1213dbea5
      size: 94373
    - path: src/data/prepared/train.csv
      hash: md5
      md5: c8a37d1d8dfda020e982942b137b2146
      size: 233480
  train:
    cmd: python src/train.py
    deps:
    - path: src/data/prepared/train.csv
      hash: md5
      md5: c8a37d1d8dfda020e982942b137b2146
      size: 233480
    - path: src/train.py
      hash: md5
      md5: 2012a757f9658b9f14b7325ebe5590da
      size: 1602
    outs:
    - path: src/model/model.joblib
      hash: md5
      md5: a8f10eefa3a294debc30d250bf70e805
      size: 1844377
  evaluate:
    cmd: python src/evaluate.py
    deps:
    - path: src/evaluate.py
      hash: md5
      md5: 8c38edcafb424e5603a145bdabdcedb1
      size: 810
    - path: src/model/model.joblib
      hash: md5
      md5: a8f10eefa3a294debc30d250bf70e805
      size: 1844377
    outs:
    - path: src/metrics/accuracy.json
      hash: md5
      md5: d277994bf8bc5a05769bbf4d9239f364
      size: 32
